
Microsoft Visual Studio Solution File, Format Version 12.00
# Visual Studio Version 17
VisualStudioVersion = 17.14.36623.8
MinimumVisualStudioVersion = 10.0.40219.1
Project("{FAE04EC0-301F-11D3-BF4B-00C04F79EFBC}") = "OracleDepsSol", "OracleDepsSol\OracleDepsSol.csproj", "{6E5E58D7-E147-4D3D-B2FE-5A88267239DF}"
EndProject
Project("{FAE04EC0-301F-11D3-BF4B-00C04F79EFBC}") = "OracleDbStruct", "OracleDbStruct\OracleDbStruct.csproj", "{488BF54B-09A0-47D7-A88D-F5BAEA2529E7}"
EndProject
Global
	GlobalSection(SolutionConfigurationPlatforms) = preSolution
		Debug|Any CPU = Debug|Any CPU
		Release|Any CPU = Release|Any CPU
	EndGlobalSection
	GlobalSection(ProjectConfigurationPlatforms) = postSolution
		{6E5E58D7-E147-4D3D-B2FE-5A88267239DF}.Debug|Any CPU.ActiveCfg = Debug|Any CPU
		{6E5E58D7-E147-4D3D-B2FE-5A88267239DF}.Debug|Any CPU.Build.0 = Debug|Any CPU
		{6E5E58D7-E147-4D3D-B2FE-5A88267239DF}.Release|Any CPU.ActiveCfg = Release|Any CPU
		{6E5E58D7-E147-4D3D-B2FE-5A88267239DF}.Release|Any CPU.Build.0 = Release|Any CPU
		{488BF54B-09A0-47D7-A88D-F5BAEA2529E7}.Debug|Any CPU.ActiveCfg = Debug|Any CPU
		{488BF54B-09A0-47D7-A88D-F5BAEA2529E7}.Debug|Any CPU.Build.0 = Debug|Any CPU
		{488BF54B-09A0-47D7-A88D-F5BAEA2529E7}.Release|Any CPU.ActiveCfg = Release|Any CPU
		{488BF54B-09A0-47D7-A88D-F5BAEA2529E7}.Release|Any CPU.Build.0 = Release|Any CPU
	EndGlobalSection
	GlobalSection(SolutionProperties) = preSolution
		HideSolutionNode = FALSE
	EndGlobalSection
	GlobalSection(ExtensibilityGlobals) = postSolution
		SolutionGuid = {C8BC0465-8434-4858-B740-B2B2560CC6A5}
	EndGlobalSection
EndGlobal
